
Microsoft Visual Studio Solution File, Format Version 12.00
# Visual Studio Version 17
VisualStudioVersion = 17.0.31919.166
MinimumVisualStudioVersion = 10.0.40219.1
Project("{9A19103F-16F7-4668-BE54-9A1E7A4F7556}") = "GestionArticle", "GestionArticle\GestionArticle.csproj", "{541F14C8-100E-444A-AE2F-FBD52C4C5601}"
EndProject
Project("{00D1A9C2-B5F0-4AF3-8072-F6C62B433612}") = "Dbproduits", "Dbproduits\Dbproduits.sqlproj", "{BD8D7276-E9DD-4CB6-93A5-7F245608C9AD}"
EndProject
Project("{FAE04EC0-301F-11D3-BF4B-00C04F79EFBC}") = "ClassLibrary", "ClassLibrary\ClassLibrary.csproj", "{7D833ACD-4EB8-40D9-880D-6CE44D0E85B3}"
EndProject
Global
	GlobalSection(SolutionConfigurationPlatforms) = preSolution
		Debug|Any CPU = Debug|Any CPU
		Release|Any CPU = Release|Any CPU
	EndGlobalSection
	GlobalSection(ProjectConfigurationPlatforms) = postSolution
		{541F14C8-100E-444A-AE2F-FBD52C4C5601}.Debug|Any CPU.ActiveCfg = Debug|Any CPU
		{541F14C8-100E-444A-AE2F-FBD52C4C5601}.Debug|Any CPU.Build.0 = Debug|Any CPU
		{541F14C8-100E-444A-AE2F-FBD52C4C5601}.Release|Any CPU.ActiveCfg = Release|Any CPU
		{541F14C8-100E-444A-AE2F-FBD52C4C5601}.Release|Any CPU.Build.0 = Release|Any CPU
		{BD8D7276-E9DD-4CB6-93A5-7F245608C9AD}.Debug|Any CPU.ActiveCfg = Debug|Any CPU
		{BD8D7276-E9DD-4CB6-93A5-7F245608C9AD}.Debug|Any CPU.Build.0 = Debug|Any CPU
		{BD8D7276-E9DD-4CB6-93A5-7F245608C9AD}.Debug|Any CPU.Deploy.0 = Debug|Any CPU
		{BD8D7276-E9DD-4CB6-93A5-7F245608C9AD}.Release|Any CPU.ActiveCfg = Release|Any CPU
		{BD8D7276-E9DD-4CB6-93A5-7F245608C9AD}.Release|Any CPU.Build.0 = Release|Any CPU
		{BD8D7276-E9DD-4CB6-93A5-7F245608C9AD}.Release|Any CPU.Deploy.0 = Release|Any CPU
		{7D833ACD-4EB8-40D9-880D-6CE44D0E85B3}.Debug|Any CPU.ActiveCfg = Debug|Any CPU
		{7D833ACD-4EB8-40D9-880D-6CE44D0E85B3}.Debug|Any CPU.Build.0 = Debug|Any CPU
		{7D833ACD-4EB8-40D9-880D-6CE44D0E85B3}.Release|Any CPU.ActiveCfg = Release|Any CPU
		{7D833ACD-4EB8-40D9-880D-6CE44D0E85B3}.Release|Any CPU.Build.0 = Release|Any CPU
	EndGlobalSection
	GlobalSection(SolutionProperties) = preSolution
		HideSolutionNode = FALSE
	EndGlobalSection
	GlobalSection(ExtensibilityGlobals) = postSolution
		SolutionGuid = {1D88FDCE-2981-495B-AA00-0AC89F962C5F}
	EndGlobalSection
EndGlobal
